PODS:
  - Flutter (1.0.0)
  - shared_preferences_foundation (0.0.1):
    - Flutter
    - FlutterMacOS
  - sqflite_darwin (0.0.4):
    - Flutter
    - FlutterMacOS
  - Stripe (26.9.0):
    - StripeApplePay (= 26.9.0)
    - StripeCore (= 26.9.0)
    - StripeIssuing (= 26.9.0)
    - StripePayments (= 26.9.0)
    - StripePaymentsUI (= 26.9.0)
    - StripeUICore (= 26.9.0)
  - stripe_ios (0.0.1):
    - Flutter
    - Stripe (~> 26.9.0)
    - stripe_ios/stripe_ios (= 0.0.1)
    - stripe_ios/stripe_objc (= 0.0.1)
    - StripeApplePay (~> 26.9.0)
    - StripeFinancialConnections (~> 26.9.0)
    - StripePayments (~> 26.9.0)
    - StripePaymentSheet (~> 26.9.0)
    - StripePaymentsUI (~> 26.9.0)
  - stripe_ios/stripe_ios (0.0.1):
    - Flutter
    - Stripe (~> 26.9.0)
    - stripe_ios/stripe_objc
    - StripeApplePay (~> 26.9.0)
    - StripeFinancialConnections (~> 26.9.0)
    - StripePayments (~> 26.9.0)
    - StripePaymentSheet (~> 26.9.0)
    - StripePaymentsUI (~> 26.9.0)
  - stripe_ios/stripe_objc (0.0.1):
    - Flutter
    - Stripe (~> 26.9.0)
    - StripeApplePay (~> 26.9.0)
    - StripeFinancialConnections (~> 26.9.0)
    - StripePayments (~> 26.9.0)
    - StripePaymentSheet (~> 26.9.0)
    - StripePaymentsUI (~> 26.9.0)
  - StripeApplePay (26.9.0):
    - StripeCore (= 26.9.0)
  - StripeCore (26.9.0)
  - StripeFinancialConnections (26.9.0):
    - StripeCore (= 26.9.0)
    - StripeUICore (= 26.9.0)
  - StripeFinancialConnectionsLite (26.9.0):
    - StripeCore (= 26.9.0)
  - StripeIssuing (26.9.0):
    - StripeCore (= 26.9.0)
    - StripePayments (= 26.9.0)
    - StripePaymentsUI (= 26.9.0)
  - StripePayments (26.9.0):
    - StripeCore (= 26.9.0)
    - StripePayments/Stripe3DS2 (= 26.9.0)
  - StripePayments/Stripe3DS2 (26.9.0):
    - StripeCore (= 26.9.0)
  - StripePaymentSheet (26.9.0):
    - StripeApplePay (= 26.9.0)
    - StripeCore (= 26.9.0)
    - StripeFinancialConnectionsLite (= 26.9.0)
    - StripePayments (= 26.9.0)
    - StripePaymentsUI (= 26.9.0)
  - StripePaymentsUI (26.9.0):
    - StripeCore (= 26.9.0)
    - StripePayments (= 26.9.0)
    - StripeUICore (= 26.9.0)
  - StripeUICore (26.9.0):
    - StripeCore (= 26.9.0)
  - url_launcher_ios (0.0.1):
    - Flutter

DEPENDENCIES:
  - Flutter (from `Flutter`)
  - shared_preferences_foundation (from `.symlinks/plugins/shared_preferences_foundation/darwin`)
  - sqflite_darwin (from `.symlinks/plugins/sqflite_darwin/darwin`)
  - stripe_ios (from `.symlinks/plugins/stripe_ios/ios`)
  - url_launcher_ios (from `.symlinks/plugins/url_launcher_ios/ios`)

SPEC REPOS:
  trunk:
    - Stripe
    - StripeApplePay
    - StripeCore
    - StripeFinancialConnections
    - StripeFinancialConnectionsLite
    - StripeIssuing
    - StripePayments
    - StripePaymentSheet
    - StripePaymentsUI
    - StripeUICore

EXTERNAL SOURCES:
  Flutter:
    :path: Flutter
  shared_preferences_foundation:
    :path: ".symlinks/plugins/shared_preferences_foundation/darwin"
  sqflite_darwin:
    :path: ".symlinks/plugins/sqflite_darwin/darwin"
  stripe_ios:
    :path: ".symlinks/plugins/stripe_ios/ios"
  url_launcher_ios:
    :path: ".symlinks/plugins/url_launcher_ios/ios"

SPEC CHECKSUMS:
  Flutter: cabc95a1d2626b1b06e7179b784ebcf0c0cde467
  shared_preferences_foundation: 7036424c3d8ec98dfe75ff1667cb0cd531ec82bb
  sqflite_darwin: 20b2a3a3b70e43edae938624ce550a3cbf66a3d0
  Stripe: a232266e1c9709b56cfdeffaa731370407b0e3e2
  stripe_ios: acd494dc5a2aa7cf5d4a6b486fb94e497a6af853
  StripeApplePay: 83587609b80bc165a941fbe7c6ba7db8822bcc36
  StripeCore: 0d4533f5ca61b8abd60004464e0125ee98df91b7
  StripeFinancialConnections: e61972f157473f6bdced8d25075ddfad48d36ca9
  StripeFinancialConnectionsLite: 0b51780316bb63a94fd5ef11a4480fb9a0951661
  StripeIssuing: 4a0c35bebc94b586c4c3b73fe432280330f75739
  StripePayments: 57614a765aa5dce6d5e5c4d669afda2b80c64e5e
  StripePaymentSheet: 6ecef03b5032a1acff02a47e0bbfc17fb730bb3d
  StripePaymentsUI: bcb256b2cb9cb0926842ca92cd19e9705c3339f8
  StripeUICore: cd7242a0449cea4e4b38b61d11584dfabb8e28ce
  url_launcher_ios: 7a95fa5b60cc718a708b8f2966718e93db0cef1b

PODFILE CHECKSUM: 53a6aebc29ccee84c41f92f409fc20cd4ca011f1

COCOAPODS: 1.17.0
